#MicroXplorer Configuration settings - do not modify
Mcu.Family=STM32F1
RCC.PLLSourceVirtual=RCC_PLLSOURCE_HSE
ProjectManager.MainLocation=Core/Src
RCC.MCOFreq_Value=72000000
ProjectManager.ProjectFileName=telemetriaFrontal.ioc
ADC1.Rank-0\#ChannelRegularConversion=1
PD1-OSC_OUT.Mode=HSE-External-Oscillator
ProjectManager.KeepUserCode=true
Mcu.UserName=STM32F103C8Tx
Mcu.PinsNb=17
ProjectManager.NoMain=false
SH.ADCx_IN6.0=ADC1_IN6,IN6
ADC1.IPParameters=Rank-0\#ChannelRegularConversion,Channel-0\#ChannelRegularConversion,SamplingTime-0\#ChannelRegularConversion,NbrOfConversionFlag,master
SH.ADCx_IN2.0=ADC1_IN2,IN2
CAN.CalculateBaudRate=750000
RCC.PLLCLKFreq_Value=72000000
ProjectManager.functionlistsort=1-MX_GPIO_Init-GPIO-false-HAL-true,2-SystemClock_Config-RCC-false-HAL-false,3-MX_ADC1_Init-ADC1-false-HAL-true,4-MX_CAN_Init-CAN-false-HAL-true,5-MX_WWDG_Init-WWDG-false-HAL-true
RCC.ADCFreqValue=12000000
ProjectManager.DefaultFWLocation=true
PD0-OSC_IN.Signal=RCC_OSC_IN
ProjectManager.DeletePrevious=true
RCC.APB1CLKDivider=RCC_HCLK_DIV2
CAN.CalculateTimeBit=1333.33
PinOutPanel.RotationAngle=0
RCC.FamilyName=M
RCC.SYSCLKSource=RCC_SYSCLKSOURCE_PLLCLK
ProjectManager.StackSize=0x400
PD1-OSC_OUT.Signal=RCC_OSC_OUT
RCC.ADCPresc=RCC_ADCPCLK2_DIV6
PA13.Signal=SYS_JTMS-SWDIO
Mcu.IP4=SYS
RCC.FCLKCortexFreq_Value=72000000
Mcu.IP5=WWDG
Mcu.IP2=NVIC
NVIC.SVCall_IRQn=true\:0\:0\:false\:false\:true\:false\:false
Mcu.IP3=RCC
Mcu.IP0=ADC1
Mcu.IP1=CAN
Mcu.UserConstants=
ProjectManager.TargetToolchain=STM32CubeIDE
Mcu.ThirdPartyNb=0
RCC.HCLKFreq_Value=72000000
SH.ADCx_IN3.0=ADC1_IN3,IN3
Mcu.IPNb=6
ProjectManager.PreviousToolchain=
PB9.Mode=CAN_Activate
RCC.APB2TimFreq_Value=72000000
PB9.Locked=true
SH.ADCx_IN3.ConfNb=1
Mcu.Pin6=PA5
Mcu.Pin7=PA6
ProjectManager.RegisterCallBack=
Mcu.Pin8=PA7
RCC.USBFreq_Value=72000000
Mcu.Pin9=PB0
PA1.Signal=ADCx_IN1
RCC.AHBFreq_Value=72000000
Mcu.Pin0=PD0-OSC_IN
PB1.Locked=true
Mcu.Pin1=PD1-OSC_OUT
GPIO.groupedBy=Group By Peripherals
PD0-OSC_IN.Mode=HSE-External-Oscillator
Mcu.Pin2=PA1
Mcu.Pin3=PA2
Mcu.Pin4=PA3
Mcu.Pin5=PA4
PA5.Signal=ADCx_IN5
ADC1.Channel-0\#ChannelRegularConversion=ADC_CHANNEL_1
ProjectManager.ProjectBuild=false
NVIC.UsageFault_IRQn=true\:0\:0\:false\:false\:true\:false\:false
NVIC.DebugMonitor_IRQn=true\:0\:0\:false\:false\:true\:false\:false
board=custom
PA4.Locked=true
NVIC.SysTick_IRQn=true\:0\:0\:false\:false\:true\:false\:true
ProjectManager.LastFirmware=true
RCC.PLLMUL=RCC_PLL_MUL9
RCC.VCOOutput2Freq_Value=8000000
ProjectManager.FirmwarePackage=STM32Cube FW_F1 V1.8.4
MxDb.Version=DB.6.0.21
RCC.APB2Freq_Value=72000000
ProjectManager.BackupPrevious=false
MxCube.Version=6.2.1
PA14.Mode=Serial_Wire
SH.ADCx_IN1.ConfNb=1
SH.ADCx_IN2.ConfNb=1
File.Version=6
VP_SYS_VS_Systick.Mode=SysTick
SH.ADCx_IN4.0=ADC1_IN4,IN4
PB8.Locked=true
NVIC.NonMaskableInt_IRQn=true\:0\:0\:false\:false\:true\:false\:false
SH.ADCx_IN4.ConfNb=1
CAN.IPParameters=CalculateTimeQuantum,CalculateTimeBit,CalculateBaudRate
NVIC.PendSV_IRQn=true\:0\:0\:false\:false\:true\:false\:false
SH.ADCx_IN6.ConfNb=1
PA13.Mode=Serial_Wire
ProjectManager.FreePins=false
RCC.IPParameters=ADCFreqValue,ADCPresc,AHBFreq_Value,APB1CLKDivider,APB1Freq_Value,APB1TimFreq_Value,APB2Freq_Value,APB2TimFreq_Value,FCLKCortexFreq_Value,FamilyName,HCLKFreq_Value,MCOFreq_Value,PLLCLKFreq_Value,PLLMCOFreq_Value,PLLMUL,PLLSourceVirtual,SYSCLKFreq_VALUE,SYSCLKSource,TimSysFreq_Value,USBFreq_Value,VCOOutput2Freq_Value
ProjectManager.AskForMigrate=true
Mcu.Name=STM32F103C(8-B)Tx
CAN.CalculateTimeQuantum=444.44444444444446
ProjectManager.HalAssertFull=false
PB0.Locked=true
ADC1.SamplingTime-0\#ChannelRegularConversion=ADC_SAMPLETIME_1CYCLE_5
PA2.Signal=ADCx_IN2
ProjectManager.ProjectName=telemetriaFrontal
ProjectManager.UnderRoot=true
RCC.PLLMCOFreq_Value=36000000
ProjectManager.CoupleFile=false
PA4.Signal=ADCx_IN4
RCC.SYSCLKFreq_VALUE=72000000
Mcu.Package=LQFP48
PB9.Signal=CAN_TX
PA6.Signal=ADCx_IN6
PB1.Signal=GPIO_Input
RCC.TimSysFreq_Value=72000000
PA1.Locked=true
ADC1.master=1
PA5.Locked=true
PA3.Locked=true
PA7.Locked=true
NVIC.ForceEnableDMAVector=true
KeepUserPlacement=false
NVIC.MemoryManagement_IRQn=true\:0\:0\:false\:false\:true\:false\:false
ProjectManager.CompilerOptimize=6
ProjectManager.ToolChainLocation=
VP_SYS_VS_Systick.Signal=SYS_VS_Systick
PA14.Signal=SYS_JTCK-SWCLK
ProjectManager.HeapSize=0x200
Mcu.Pin15=VP_SYS_VS_Systick
NVIC.HardFault_IRQn=true\:0\:0\:false\:false\:true\:false\:false
Mcu.Pin16=VP_WWDG_VS_WWDG
Mcu.Pin13=PB8
Mcu.Pin14=PB9
VP_WWDG_VS_WWDG.Mode=WWDG_Activate
ProjectManager.ComputerToolchain=false
SH.ADCx_IN5.0=ADC1_IN5,IN5
NVIC.PriorityGroup=NVIC_PRIORITYGROUP_4
ADC1.NbrOfConversionFlag=1
SH.ADCx_IN1.0=ADC1_IN1,IN1
Mcu.Pin11=PA13
Mcu.Pin12=PA14
PB8.Mode=CAN_Activate
Mcu.Pin10=PB1
RCC.APB1TimFreq_Value=72000000
PB8.Signal=CAN_RX
NVIC.BusFault_IRQn=true\:0\:0\:false\:false\:true\:false\:false
SH.ADCx_IN5.ConfNb=1
RCC.APB1Freq_Value=36000000
PB0.Signal=GPIO_Input
ProjectManager.CustomerFirmwarePackage=
ProjectManager.DeviceId=STM32F103C8Tx
ProjectManager.LibraryCopy=1
VP_WWDG_VS_WWDG.Signal=WWDG_VS_WWDG
PA3.Signal=ADCx_IN3
PA7.Signal=GPIO_Input
PA6.Locked=true
PA2.Locked=true
isbadioc=false
